
Microsoft Visual Studio Solution File, Format Version 12.00
# Visual Studio Version 16
VisualStudioVersion = 16.0.29001.49
MinimumVisualStudioVersion = 10.0.40219.1
Project("{FAE04EC0-301F-11D3-BF4B-00C04F79EFBC}") = "Player", "Player\Player.csproj", "{A94BB9E0-B2C8-47A4-9CB0-AFFB5C177EEB}"
EndProject
Global
	GlobalSection(SolutionConfigurationPlatforms) = preSolution
		Debug|Any CPU = Debug|Any CPU
		Release|Any CPU = Release|Any CPU
	EndGlobalSection
	GlobalSection(ProjectConfigurationPlatforms) = postSolution
		{A94BB9E0-B2C8-47A4-9CB0-AFFB5C177EEB}.Debug|Any CPU.ActiveCfg = Debug|Any CPU
		{A94BB9E0-B2C8-47A4-9CB0-AFFB5C177EEB}.Debug|Any CPU.Build.0 = Debug|Any CPU
		{A94BB9E0-B2C8-47A4-9CB0-AFFB5C177EEB}.Release|Any CPU.ActiveCfg = Release|Any CPU
		{A94BB9E0-B2C8-47A4-9CB0-AFFB5C177EEB}.Release|Any CPU.Build.0 = Release|Any CPU
	EndGlobalSection
	GlobalSection(SolutionProperties) = preSolution
		HideSolutionNode = FALSE
	EndGlobalSection
	GlobalSection(ExtensibilityGlobals) = postSolution
		SolutionGuid = {73782EDF-2EAE-4014-81FE-FB8C132AE4DF}
	EndGlobalSection
EndGlobal
